
Microsoft Visual Studio Solution File, Format Version 12.00
# Visual Studio Version 16
VisualStudioVersion = 16.0.31702.278
MinimumVisualStudioVersion = 10.0.40219.1
Project("{FAE04EC0-301F-11D3-BF4B-00C04F79EFBC}") = "task-03-10-2022", "task-03-10-2022\task-03-10-2022.csproj", "{374B51EB-B85B-4BF7-B5B3-4120F3E24DB9}"
EndProject
Global
	GlobalSection(SolutionConfigurationPlatforms) = preSolution
		Debug|Any CPU = Debug|Any CPU
		Release|Any CPU = Release|Any CPU
	EndGlobalSection
	GlobalSection(ProjectConfigurationPlatforms) = postSolution
		{374B51EB-B85B-4BF7-B5B3-4120F3E24DB9}.Debug|Any CPU.ActiveCfg = Debug|Any CPU
		{374B51EB-B85B-4BF7-B5B3-4120F3E24DB9}.Debug|Any CPU.Build.0 = Debug|Any CPU
		{374B51EB-B85B-4BF7-B5B3-4120F3E24DB9}.Release|Any CPU.ActiveCfg = Release|Any CPU
		{374B51EB-B85B-4BF7-B5B3-4120F3E24DB9}.Release|Any CPU.Build.0 = Release|Any CPU
	EndGlobalSection
	GlobalSection(SolutionProperties) = preSolution
		HideSolutionNode = FALSE
	EndGlobalSection
	GlobalSection(ExtensibilityGlobals) = postSolution
		SolutionGuid = {92D79006-E221-47C5-A723-30B94917EF49}
	EndGlobalSection
EndGlobal
